
Microsoft Visual Studio Solution File, Format Version 12.00
# Visual Studio 15
Project("{FAE04EC0-301F-11D3-BF4B-00C04F79EFBC}") = "Assembly-CSharp", "Assembly-CSharp.csproj", "{F1E60320-AE2F-7170-B098-10252343742E}"
EndProject
Project("{FAE04EC0-301F-11D3-BF4B-00C04F79EFBC}") = "Assembly-CSharp-Editor", "Assembly-CSharp-Editor.csproj", "{1096A9E1-005F-97DE-D649-AA2174A1BE3B}"
EndProject
Global
	GlobalSection(SolutionConfigurationPlatforms) = preSolution
		Debug|Any CPU = Debug|Any CPU
		Release|Any CPU = Release|Any CPU
	EndGlobalSection
	GlobalSection(ProjectConfigurationPlatforms) = postSolution
		{F1E60320-AE2F-7170-B098-10252343742E}.Debug|Any CPU.ActiveCfg = Debug|Any CPU
		{F1E60320-AE2F-7170-B098-10252343742E}.Debug|Any CPU.Build.0 = Debug|Any CPU
		{F1E60320-AE2F-7170-B098-10252343742E}.Release|Any CPU.ActiveCfg = Release|Any CPU
		{F1E60320-AE2F-7170-B098-10252343742E}.Release|Any CPU.Build.0 = Release|Any CPU
		{1096A9E1-005F-97DE-D649-AA2174A1BE3B}.Debug|Any CPU.ActiveCfg = Debug|Any CPU
		{1096A9E1-005F-97DE-D649-AA2174A1BE3B}.Debug|Any CPU.Build.0 = Debug|Any CPU
		{1096A9E1-005F-97DE-D649-AA2174A1BE3B}.Release|Any CPU.ActiveCfg = Release|Any CPU
		{1096A9E1-005F-97DE-D649-AA2174A1BE3B}.Release|Any CPU.Build.0 = Release|Any CPU
	EndGlobalSection
	GlobalSection(SolutionProperties) = preSolution
		HideSolutionNode = FALSE
	EndGlobalSection
EndGlobal
